
Microsoft Visual Studio Solution File, Format Version 12.00
# Visual Studio 15
VisualStudioVersion = 15.0.28307.960
MinimumVisualStudioVersion = 10.0.40219.1
Project("{FAE04EC0-301F-11D3-BF4B-00C04F79EFBC}") = "GamaSale", "GamaSale\GamaSale.csproj", "{33A7425B-9E02-4904-9FB8-5FFF94984E48}"
EndProject
Global
	GlobalSection(SolutionConfigurationPlatforms) = preSolution
		Debug|Any CPU = Debug|Any CPU
		Release|Any CPU = Release|Any CPU
	EndGlobalSection
	GlobalSection(ProjectConfigurationPlatforms) = postSolution
		{33A7425B-9E02-4904-9FB8-5FFF94984E48}.Debug|Any CPU.ActiveCfg = Debug|Any CPU
		{33A7425B-9E02-4904-9FB8-5FFF94984E48}.Debug|Any CPU.Build.0 = Debug|Any CPU
		{33A7425B-9E02-4904-9FB8-5FFF94984E48}.Release|Any CPU.ActiveCfg = Release|Any CPU
		{33A7425B-9E02-4904-9FB8-5FFF94984E48}.Release|Any CPU.Build.0 = Release|Any CPU
	EndGlobalSection
	GlobalSection(SolutionProperties) = preSolution
		HideSolutionNode = FALSE
	EndGlobalSection
	GlobalSection(ExtensibilityGlobals) = postSolution
		SolutionGuid = {958620A5-10BD-4BF6-B67E-AF9A0B754A2E}
	EndGlobalSection
EndGlobal
